
Microsoft Visual Studio Solution File, Format Version 12.00
Project("{F2A71F9B-5D33-465A-A702-920D77279786}") = "Advent2021", "Advent2021\Advent2021.fsproj", "{1CB1B9EE-D4B6-4765-BB69-7899D517368C}"
EndProject
Global
	GlobalSection(SolutionConfigurationPlatforms) = preSolution
		Debug|Any CPU = Debug|Any CPU
		Release|Any CPU = Release|Any CPU
	EndGlobalSection
	GlobalSection(ProjectConfigurationPlatforms) = postSolution
		{1CB1B9EE-D4B6-4765-BB69-7899D517368C}.Debug|Any CPU.ActiveCfg = Debug|Any CPU
		{1CB1B9EE-D4B6-4765-BB69-7899D517368C}.Debug|Any CPU.Build.0 = Debug|Any CPU
		{1CB1B9EE-D4B6-4765-BB69-7899D517368C}.Release|Any CPU.ActiveCfg = Release|Any CPU
		{1CB1B9EE-D4B6-4765-BB69-7899D517368C}.Release|Any CPU.Build.0 = Release|Any CPU
	EndGlobalSection
EndGlobal
